// !$*UTF8*$!
{
	archiveVersion = 1;
	classes = {
	};
	objectVersion = 56;
	objects = {

/* Begin PBXBuildFile section */
		55BE254D958BA969D74ECB75 /* Pods_RxBasics.framework in Frameworks */ = {isa = PBXBuildFile; fileRef = 05D849FC7C34204FB235AEC0 /* Pods_RxBasics.framework */; };
		7E96933E2977E96300D2D30F /* AppDelegate.swift in Sources */ = {isa = PBXBuildFile; fileRef = 7E96933D2977E96300D2D30F /* AppDelegate.swift */; };
		7E9693402977E96300D2D30F /* SceneDelegate.swift in Sources */ = {isa = PBXBuildFile; fileRef = 7E96933F2977E96300D2D30F /* SceneDelegate.swift */; };
		7E9693422977E96300D2D30F /* ViewController.swift in Sources */ = {isa = PBXBuildFile; fileRef = 7E9693412977E96300D2D30F /* ViewController.swift */; };
		7E9693452977E96300D2D30F /* Main.storyboard in Resources */ = {isa = PBXBuildFile; fileRef = 7E9693432977E96300D2D30F /* Main.storyboard */; };
		7E9693472977E96400D2D30F /* Assets.xcassets in Resources */ = {isa = PBXBuildFile; fileRef = 7E9693462977E96400D2D30F /* Assets.xcassets */; };
		7E96934A2977E96400D2D30F /* LaunchScreen.storyboard in Resources */ = {isa = PBXBuildFile; fileRef = 7E9693482977E96400D2D30F /* LaunchScreen.storyboard */; };
		7E9693552977EABE00D2D30F /* Product.swift in Sources */ = {isa = PBXBuildFile; fileRef = 7E9693542977EABE00D2D30F /* Product.swift */; };
		7E9693572977EAF500D2D30F /* ProductViewModel.swift in Sources */ = {isa = PBXBuildFile; fileRef = 7E9693562977EAF500D2D30F /* ProductViewModel.swift */; };
/* End PBXBuildFile section */

/* Begin PBXFileReference section */
		05D849FC7C34204FB235AEC0 /* Pods_RxBasics.framework */ = {isa = PBXFileReference; explicitFileType = wrapper.framework; includeInIndex = 0; path = Pods_RxBasics.framework; sourceTree = BUILT_PRODUCTS_DIR; };
		7E96933A2977E96300D2D30F /* RxBasics.app */ = {isa = PBXFileReference; explicitFileType = wrapper.application; includeInIndex = 0; path = RxBasics.app; sourceTree = BUILT_PRODUCTS_DIR; };
		7E96933D2977E96300D2D30F /* AppDelegate.swift */ = {isa = PBXFileReference; lastKnownFileType = sourcecode.swift; path = AppDelegate.swift; sourceTree = "<group>"; };
		7E96933F2977E96300D2D30F /* SceneDelegate.swift */ = {isa = PBXFileReference; lastKnownFileType = sourcecode.swift; path = SceneDelegate.swift; sourceTree = "<group>"; };
		7E9693412977E96300D2D30F /* ViewController.swift */ = {isa = PBXFileReference; lastKnownFileType = sourcecode.swift; path = ViewController.swift; sourceTree = "<group>"; };
		7E9693442977E96300D2D30F /* Base */ = {isa = PBXFileReference; lastKnownFileType = file.storyboard; name = Base; path = Base.lproj/Main.storyboard; sourceTree = "<group>"; };
		7E9693462977E96400D2D30F /* Assets.xcassets */ = {isa = PBXFileReference; lastKnownFileType = folder.assetcatalog; path = Assets.xcassets; sourceTree = "<group>"; };
		7E9693492977E96400D2D30F /* Base */ = {isa = PBXFileReference; lastKnownFileType = file.storyboard; name = Base; path = Base.lproj/LaunchScreen.storyboard; sourceTree = "<group>"; };
		7E96934B2977E96400D2D30F /* Info.plist */ = {isa = PBXFileReference; lastKnownFileType = text.plist.xml; path = Info.plist; sourceTree = "<group>"; };
		7E9693542977EABE00D2D30F /* Product.swift */ = {isa = PBXFileReference; lastKnownFileType = sourcecode.swift; path = Product.swift; sourceTree = "<group>"; };
		7E9693562977EAF500D2D30F /* ProductViewModel.swift */ = {isa = PBXFileReference; lastKnownFileType = sourcecode.swift; path = ProductViewModel.swift; sourceTree = "<group>"; };
		A106D284EE9F0D35AEFFD822 /* Pods-RxBasics.debug.xcconfig */ = {isa = PBXFileReference; includeInIndex = 1; lastKnownFileType = text.xcconfig; name = "Pods-RxBasics.debug.xcconfig"; path = "Target Support Files/Pods-RxBasics/Pods-RxBasics.debug.xcconfig"; sourceTree = "<group>"; };
		E5325CB6FDE1C153C84B7795 /* Pods-RxBasics.release.xcconfig */ = {isa = PBXFileReference; includeInIndex = 1; lastKnownFileType = text.xcconfig; name = "Pods-RxBasics.release.xcconfig"; path = "Target Support Files/Pods-RxBasics/Pods-RxBasics.release.xcconfig"; sourceTree = "<group>"; };
/* End PBXFileReference section */

/* Begin PBXFrameworksBuildPhase section */
		7E9693372977E96300D2D30F /* Frameworks */ = {
			isa = PBXFrameworksBuildPhase;
			buildActionMask = 2147483647;
			files = (
				55BE254D958BA969D74ECB75 /* Pods_RxBasics.framework in Frameworks */,
			);
			runOnlyForDeploymentPostprocessing = 0;
		};
/* End PBXFrameworksBuildPhase section */

/* Begin PBXGroup section */
		7E9693312977E96300D2D30F = {
			isa = PBXGroup;
			children = (
				7E96933C2977E96300D2D30F /* RxBasics */,
				7E96933B2977E96300D2D30F /* Products */,
				EE041039FFA06109A37BEE22 /* Pods */,
				F1A4DEA63B0B970D9B5C7974 /* Frameworks */,
			);
			sourceTree = "<group>";
		};
		7E96933B2977E96300D2D30F /* Products */ = {
			isa = PBXGroup;
			children = (
				7E96933A2977E96300D2D30F /* RxBasics.app */,
			);
			name = Products;
			sourceTree = "<group>";
		};
		7E96933C2977E96300D2D30F /* RxBasics */ = {
			isa = PBXGroup;
			children = (
				7E96933D2977E96300D2D30F /* AppDelegate.swift */,
				7E96933F2977E96300D2D30F /* SceneDelegate.swift */,
				7E9693462977E96400D2D30F /* Assets.xcassets */,
				7E96934B2977E96400D2D30F /* Info.plist */,
				7E9693512977E96A00D2D30F /* Model */,
				7E9693532977E98400D2D30F /* View */,
				7E9693522977E97A00D2D30F /* ViewModel */,
			);
			path = RxBasics;
			sourceTree = "<group>";
		};
		7E9693512977E96A00D2D30F /* Model */ = {
			isa = PBXGroup;
			children = (
				7E9693542977EABE00D2D30F /* Product.swift */,
			);
			path = Model;
			sourceTree = "<group>";
		};
		7E9693522977E97A00D2D30F /* ViewModel */ = {
			isa = PBXGroup;
			children = (
				7E9693562977EAF500D2D30F /* ProductViewModel.swift */,
			);
			path = ViewModel;
			sourceTree = "<group>";
		};
		7E9693532977E98400D2D30F /* View */ = {
			isa = PBXGroup;
			children = (
				7E9693412977E96300D2D30F /* ViewController.swift */,
				7E9693432977E96300D2D30F /* Main.storyboard */,
				7E9693482977E96400D2D30F /* LaunchScreen.storyboard */,
			);
			path = View;
			sourceTree = "<group>";
		};
		EE041039FFA06109A37BEE22 /* Pods */ = {
			isa = PBXGroup;
			children = (
				A106D284EE9F0D35AEFFD822 /* Pods-RxBasics.debug.xcconfig */,
				E5325CB6FDE1C153C84B7795 /* Pods-RxBasics.release.xcconfig */,
			);
			name = Pods;
			path = Pods;
			sourceTree = "<group>";
		};
		F1A4DEA63B0B970D9B5C7974 /* Frameworks */ = {
			isa = PBXGroup;
			children = (
				05D849FC7C34204FB235AEC0 /* Pods_RxBasics.framework */,
			);
			name = Frameworks;
			sourceTree = "<group>";
		};
/* End PBXGroup section */

/* Begin PBXNativeTarget section */
		7E9693392977E96300D2D30F /* RxBasics */ = {
			isa = PBXNativeTarget;
			buildConfigurationList = 7E96934E2977E96400D2D30F /* Build configuration list for PBXNativeTarget "RxBasics" */;
			buildPhases = (
				124CFBE4339321E6F6BD4435 /* [CP] Check Pods Manifest.lock */,
				7E9693362977E96300D2D30F /* Sources */,
				7E9693372977E96300D2D30F /* Frameworks */,
				7E9693382977E96300D2D30F /* Resources */,
				C8ACD6C18EF4ED1F7F226C8E /* [CP] Embed Pods Frameworks */,
			);
			buildRules = (
			);
			dependencies = (
			);
			name = RxBasics;
			productName = RxBasics;
			productReference = 7E96933A2977E96300D2D30F /* RxBasics.app */;
			productType = "com.apple.product-type.application";
		};
/* End PBXNativeTarget section */

/* Begin PBXProject section */
		7E9693322977E96300D2D30F /* Project object */ = {
			isa = PBXProject;
			attributes = {
				BuildIndependentTargetsInParallel = 1;
				LastSwiftUpdateCheck = 1420;
				LastUpgradeCheck = 1420;
				TargetAttributes = {
					7E9693392977E96300D2D30F = {
						CreatedOnToolsVersion = 14.2;
					};
				};
			};
			buildConfigurationList = 7E9693352977E96300D2D30F /* Build configuration list for PBXProject "RxBasics" */;
			compatibilityVersion = "Xcode 14.0";
			developmentRegion = en;
			hasScannedForEncodings = 0;
			knownRegions = (
				en,
				Base,
			);
			mainGroup = 7E9693312977E96300D2D30F;
			productRefGroup = 7E96933B2977E96300D2D30F /* Products */;
			projectDirPath = "";
			projectRoot = "";
			targets = (
				7E9693392977E96300D2D30F /* RxBasics */,
			);
		};
/* End PBXProject section */

/* Begin PBXResourcesBuildPhase section */
		7E9693382977E96300D2D30F /* Resources */ = {
			isa = PBXResourcesBuildPhase;
			buildActionMask = 2147483647;
			files = (
				7E96934A2977E96400D2D30F /* LaunchScreen.storyboard in Resources */,
				7E9693472977E96400D2D30F /* Assets.xcassets in Resources */,
				7E9693452977E96300D2D30F /* Main.storyboard in Resources */,
			);
			runOnlyForDeploymentPostprocessing = 0;
		};
/* End PBXResourcesBuildPhase section */

/* Begin PBXShellScriptBuildPhase section */
		124CFBE4339321E6F6BD4435 /* [CP] Check Pods Manifest.lock */ = {
			isa = PBXShellScriptBuildPhase;
			buildActionMask = 2147483647;
			files = (
			);
			inputFileListPaths = (
			);
			inputPaths = (
				"${PODS_PODFILE_DIR_PATH}/Podfile.lock",
				"${PODS_ROOT}/Manifest.lock",
			);
			name = "[CP] Check Pods Manifest.lock";
			outputFileListPaths = (
			);
			outputPaths = (
				"$(DERIVED_FILE_DIR)/Pods-RxBasics-checkManifestLockResult.txt",
			);
			runOnlyForDeploymentPostprocessing = 0;
			shellPath = /bin/sh;
			shellScript = "diff \"${PODS_PODFILE_DIR_PATH}/Podfile.lock\" \"${PODS_ROOT}/Manifest.lock\" > /dev/null\nif [ $? != 0 ] ; then\n    # print error to STDERR\n    echo \"error: The sandbox is not in sync with the Podfile.lock. Run 'pod install' or update your CocoaPods installation.\" >&2\n    exit 1\nfi\n# This output is used by Xcode 'outputs' to avoid re-running this script phase.\necho \"SUCCESS\" > \"${SCRIPT_OUTPUT_FILE_0}\"\n";
			showEnvVarsInLog = 0;
		};
		C8ACD6C18EF4ED1F7F226C8E /* [CP] Embed Pods Frameworks */ = {
			isa = PBXShellScriptBuildPhase;
			buildActionMask = 2147483647;
			files = (
			);
			inputFileListPaths = (
				"${PODS_ROOT}/Target Support Files/Pods-RxBasics/Pods-RxBasics-frameworks-${CONFIGURATION}-input-files.xcfilelist",
			);
			name = "[CP] Embed Pods Frameworks";
			outputFileListPaths = (
				"${PODS_ROOT}/Target Support Files/Pods-RxBasics/Pods-RxBasics-frameworks-${CONFIGURATION}-output-files.xcfilelist",
			);
			runOnlyForDeploymentPostprocessing = 0;
			shellPath = /bin/sh;
			shellScript = "\"${PODS_ROOT}/Target Support Files/Pods-RxBasics/Pods-RxBasics-frameworks.sh\"\n";
			showEnvVarsInLog = 0;
		};
/* End PBXShellScriptBuildPhase section */

/* Begin PBXSourcesBuildPhase section */
		7E9693362977E96300D2D30F /* Sources */ = {
			isa = PBXSourcesBuildPhase;
			buildActionMask = 2147483647;
			files = (
				7E9693422977E96300D2D30F /* ViewController.swift in Sources */,
				7E9693552977EABE00D2D30F /* Product.swift in Sources */,
				7E96933E2977E96300D2D30F /* AppDelegate.swift in Sources */,
				7E9693402977E96300D2D30F /* SceneDelegate.swift in Sources */,
				7E9693572977EAF500D2D30F /* ProductViewModel.swift in Sources */,
			);
			runOnlyForDeploymentPostprocessing = 0;
		};
/* End PBXSourcesBuildPhase section */

/* Begin PBXVariantGroup section */
		7E9693432977E96300D2D30F /* Main.storyboard */ = {
			isa = PBXVariantGroup;
			children = (
				7E9693442977E96300D2D30F /* Base */,
			);
			name = Main.storyboard;
			sourceTree = "<group>";
		};
		7E9693482977E96400D2D30F /* LaunchScreen.storyboard */ = {
			isa = PBXVariantGroup;
			children = (
				7E9693492977E96400D2D30F /* Base */,
			);
			name = LaunchScreen.storyboard;
			sourceTree = "<group>";
		};
/* End PBXVariantGroup section */

/* Begin XCBuildConfiguration section */
		7E96934C2977E96400D2D30F /* Debug */ = {
			isa = XCBuildConfiguration;
			buildSettings = {
				ALWAYS_SEARCH_USER_PATHS = NO;
				CLANG_ANALYZER_NONNULL = YES;
				CLANG_ANALYZER_NUMBER_OBJECT_CONVERSION = YES_AGGRESSIVE;
				CLANG_CXX_LANGUAGE_STANDARD = "gnu++20";
				CLANG_ENABLE_MODULES = YES;
				CLANG_ENABLE_OBJC_ARC = YES;
				CLANG_ENABLE_OBJC_WEAK = YES;
				CLANG_WARN_BLOCK_CAPTURE_AUTORELEASING = YES;
				CLANG_WARN_BOOL_CONVERSION = YES;
				CLANG_WARN_COMMA = YES;
				CLANG_WARN_CONSTANT_CONVERSION = YES;
				CLANG_WARN_DEPRECATED_OBJC_IMPLEMENTATIONS = YES;
				CLANG_WARN_DIRECT_OBJC_ISA_USAGE = YES_ERROR;
				CLANG_WARN_DOCUMENTATION_COMMENTS = YES;
				CLANG_WARN_EMPTY_BODY = YES;
				CLANG_WARN_ENUM_CONVERSION = YES;
				CLANG_WARN_INFINITE_RECURSION = YES;
				CLANG_WARN_INT_CONVERSION = YES;
				CLANG_WARN_NON_LITERAL_NULL_CONVERSION = YES;
				CLANG_WARN_OBJC_IMPLICIT_RETAIN_SELF = YES;
				CLANG_WARN_OBJC_LITERAL_CONVERSION = YES;
				CLANG_WARN_OBJC_ROOT_CLASS = YES_ERROR;
				CLANG_WARN_QUOTED_INCLUDE_IN_FRAMEWORK_HEADER = YES;
				CLANG_WARN_RANGE_LOOP_ANALYSIS = YES;
				CLANG_WARN_STRICT_PROTOTYPES = YES;
				CLANG_WARN_SUSPICIOUS_MOVE = YES;
				CLANG_WARN_UNGUARDED_AVAILABILITY = YES_AGGRESSIVE;
				CLANG_WARN_UNREACHABLE_CODE = YES;
				CLANG_WARN__DUPLICATE_METHOD_MATCH = YES;
				COPY_PHASE_STRIP = NO;
				DEBUG_INFORMATION_FORMAT = dwarf;
				ENABLE_STRICT_OBJC_MSGSEND = YES;
				ENABLE_TESTABILITY = YES;
				GCC_C_LANGUAGE_STANDARD = gnu11;
				GCC_DYNAMIC_NO_PIC = NO;
				GCC_NO_COMMON_BLOCKS = YES;
				GCC_OPTIMIZATION_LEVEL = 0;
				GCC_PREPROCESSOR_DEFINITIONS = (
					"DEBUG=1",
					"$(inherited)",
				);
				GCC_WARN_64_TO_32_BIT_CONVERSION = YES;
				GCC_WARN_ABOUT_RETURN_TYPE = YES_ERROR;
				GCC_WARN_UNDECLARED_SELECTOR = YES;
				GCC_WARN_UNINITIALIZED_AUTOS = YES_AGGRESSIVE;
				GCC_WARN_UNUSED_FUNCTION = YES;
				GCC_WARN_UNUSED_VARIABLE = YES;
				IPHONEOS_DEPLOYMENT_TARGET = 16.2;
				MTL_ENABLE_DEBUG_INFO = INCLUDE_SOURCE;
				MTL_FAST_MATH = YES;
				ONLY_ACTIVE_ARCH = YES;
				SDKROOT = iphoneos;
				SWIFT_ACTIVE_COMPILATION_CONDITIONS = DEBUG;
				SWIFT_OPTIMIZATION_LEVEL = "-Onone";
			};
			name = Debug;
		};
		7E96934D2977E96400D2D30F /* Release */ = {
			isa = XCBuildConfiguration;
			buildSettings = {
				ALWAYS_SEARCH_USER_PATHS = NO;
				CLANG_ANALYZER_NONNULL = YES;
				CLANG_ANALYZER_NUMBER_OBJECT_CONVERSION = YES_AGGRESSIVE;
				CLANG_CXX_LANGUAGE_STANDARD = "gnu++20";
				CLANG_ENABLE_MODULES = YES;
				CLANG_ENABLE_OBJC_ARC = YES;
				CLANG_ENABLE_OBJC_WEAK = YES;
				CLANG_WARN_BLOCK_CAPTURE_AUTORELEASING = YES;
				CLANG_WARN_BOOL_CONVERSION = YES;
				CLANG_WARN_COMMA = YES;
				CLANG_WARN_CONSTANT_CONVERSION = YES;
				CLANG_WARN_DEPRECATED_OBJC_IMPLEMENTATIONS = YES;
				CLANG_WARN_DIRECT_OBJC_ISA_USAGE = YES_ERROR;
				CLANG_WARN_DOCUMENTATION_COMMENTS = YES;
				CLANG_WARN_EMPTY_BODY = YES;
				CLANG_WARN_ENUM_CONVERSION = YES;
				CLANG_WARN_INFINITE_RECURSION = YES;
				CLANG_WARN_INT_CONVERSION = YES;
				CLANG_WARN_NON_LITERAL_NULL_CONVERSION = YES;
				CLANG_WARN_OBJC_IMPLICIT_RETAIN_SELF = YES;
				CLANG_WARN_OBJC_LITERAL_CONVERSION = YES;
				CLANG_WARN_OBJC_ROOT_CLASS = YES_ERROR;
				CLANG_WARN_QUOTED_INCLUDE_IN_FRAMEWORK_HEADER = YES;
				CLANG_WARN_RANGE_LOOP_ANALYSIS = YES;
				CLANG_WARN_STRICT_PROTOTYPES = YES;
				CLANG_WARN_SUSPICIOUS_MOVE = YES;
				CLANG_WARN_UNGUARDED_AVAILABILITY = YES_AGGRESSIVE;
				CLANG_WARN_UNREACHABLE_CODE = YES;
				CLANG_WARN__DUPLICATE_METHOD_MATCH = YES;
				COPY_PHASE_STRIP = NO;
				DEBUG_INFORMATION_FORMAT = "dwarf-with-dsym";
				ENABLE_NS_ASSERTIONS = NO;
				ENABLE_STRICT_OBJC_MSGSEND = YES;
				GCC_C_LANGUAGE_STANDARD = gnu11;
				GCC_NO_COMMON_BLOCKS = YES;
				GCC_WARN_64_TO_32_BIT_CONVERSION = YES;
				GCC_WARN_ABOUT_RETURN_TYPE = YES_ERROR;
				GCC_WARN_UNDECLARED_SELECTOR = YES;
				GCC_WARN_UNINITIALIZED_AUTOS = YES_AGGRESSIVE;
				GCC_WARN_UNUSED_FUNCTION = YES;
				GCC_WARN_UNUSED_VARIABLE = YES;
				IPHONEOS_DEPLOYMENT_TARGET = 16.2;
				MTL_ENABLE_DEBUG_INFO = NO;
				MTL_FAST_MATH = YES;
				SDKROOT = iphoneos;
				SWIFT_COMPILATION_MODE = wholemodule;
				SWIFT_OPTIMIZATION_LEVEL = "-O";
				VALIDATE_PRODUCT = YES;
			};
			name = Release;
		};
		7E96934F2977E96400D2D30F /* Debug */ = {
			isa = XCBuildConfiguration;
			baseConfigurationReference = A106D284EE9F0D35AEFFD822 /* Pods-RxBasics.debug.xcconfig */;
			buildSettings = {
				ASSETCATALOG_COMPILER_APPICON_NAME = AppIcon;
				ASSETCATALOG_COMPILER_GLOBAL_ACCENT_COLOR_NAME = AccentColor;
				CODE_SIGN_STYLE = Automatic;
				CURRENT_PROJECT_VERSION = 1;
				DEVELOPMENT_TEAM = 5U782822RV;
				GENERATE_INFOPLIST_FILE = YES;
				INFOPLIST_FILE = RxBasics/Info.plist;
				INFOPLIST_KEY_UIApplicationSupportsIndirectInputEvents = YES;
				INFOPLIST_KEY_UILaunchStoryboardName = LaunchScreen;
				INFOPLIST_KEY_UIMainStoryboardFile = Main;
				INFOPLIST_KEY_UISupportedInterfaceOrientations_iPad = "UIInterfaceOrientationPortrait UIInterfaceOrientationPortraitUpsideDown UIInterfaceOrientationLandscapeLeft UIInterfaceOrientationLandscapeRight";
				INFOPLIST_KEY_UISupportedInterfaceOrientations_iPhone = "UIInterfaceOrientationPortrait UIInterfaceOrientationLandscapeLeft UIInterfaceOrientationLandscapeRight";
				LD_RUNPATH_SEARCH_PATHS = (
					"$(inherited)",
					"@executable_path/Frameworks",
				);
				MARKETING_VERSION = 1.0;
				PRODUCT_BUNDLE_IDENTIFIER = ThomasG51.RxBasics;
				PRODUCT_NAME = "$(TARGET_NAME)";
				SWIFT_EMIT_LOC_STRINGS = YES;
				SWIFT_VERSION = 5.0;
				TARGETED_DEVICE_FAMILY = "1,2";
			};
			name = Debug;
		};
		7E9693502977E96400D2D30F /* Release */ = {
			isa = XCBuildConfiguration;
			baseConfigurationReference = E5325CB6FDE1C153C84B7795 /* Pods-RxBasics.release.xcconfig */;
			buildSettings = {
				ASSETCATALOG_COMPILER_APPICON_NAME = AppIcon;
				ASSETCATALOG_COMPILER_GLOBAL_ACCENT_COLOR_NAME = AccentColor;
				CODE_SIGN_STYLE = Automatic;
				CURRENT_PROJECT_VERSION = 1;
				DEVELOPMENT_TEAM = 5U782822RV;
				GENERATE_INFOPLIST_FILE = YES;
				INFOPLIST_FILE = RxBasics/Info.plist;
				INFOPLIST_KEY_UIApplicationSupportsIndirectInputEvents = YES;
				INFOPLIST_KEY_UILaunchStoryboardName = LaunchScreen;
				INFOPLIST_KEY_UIMainStoryboardFile = Main;
				INFOPLIST_KEY_UISupportedInterfaceOrientations_iPad = "UIInterfaceOrientationPortrait UIInterfaceOrientationPortraitUpsideDown UIInterfaceOrientationLandscapeLeft UIInterfaceOrientationLandscapeRight";
				INFOPLIST_KEY_UISupportedInterfaceOrientations_iPhone = "UIInterfaceOrientationPortrait UIInterfaceOrientationLandscapeLeft UIInterfaceOrientationLandscapeRight";
				LD_RUNPATH_SEARCH_PATHS = (
					"$(inherited)",
					"@executable_path/Frameworks",
				);
				MARKETING_VERSION = 1.0;
				PRODUCT_BUNDLE_IDENTIFIER = ThomasG51.RxBasics;
				PRODUCT_NAME = "$(TARGET_NAME)";
				SWIFT_EMIT_LOC_STRINGS = YES;
				SWIFT_VERSION = 5.0;
				TARGETED_DEVICE_FAMILY = "1,2";
			};
			name = Release;
		};
/* End XCBuildConfiguration section */

/* Begin XCConfigurationList section */
		7E9693352977E96300D2D30F /* Build configuration list for PBXProject "RxBasics" */ = {
			isa = XCConfigurationList;
			buildConfigurations = (
				7E96934C2977E96400D2D30F /* Debug */,
				7E96934D2977E96400D2D30F /* Release */,
			);
			defaultConfigurationIsVisible = 0;
			defaultConfigurationName = Release;
		};
		7E96934E2977E96400D2D30F /* Build configuration list for PBXNativeTarget "RxBasics" */ = {
			isa = XCConfigurationList;
			buildConfigurations = (
				7E96934F2977E96400D2D30F /* Debug */,
				7E9693502977E96400D2D30F /* Release */,
			);
			defaultConfigurationIsVisible = 0;
			defaultConfigurationName = Release;
		};
/* End XCConfigurationList section */
	};
	rootObject = 7E9693322977E96300D2D30F /* Project object */;
}
